// !$*UTF8*$!
{
	archiveVersion = 1;
	classes = {
	};
	objectVersion = 55;
	objects = {

/* Begin PBXBuildFile section */
		AC19769D28264F6800F46731 /* landmarkData.json in Resources */ = {isa = PBXBuildFile; fileRef = AC19769C28264F6800F46731 /* landmarkData.json */; };
		AC19769F28264F8200F46731 /* Landmark.swift in Sources */ = {isa = PBXBuildFile; fileRef = AC19769E28264F8200F46731 /* Landmark.swift */; };
		AC1976A1282650D400F46731 /* ModelData.swift in Sources */ = {isa = PBXBuildFile; fileRef = AC1976A0282650D400F46731 /* ModelData.swift */; };
		AC1976A62826532500F46731 /* LandmarkRow.swift in Sources */ = {isa = PBXBuildFile; fileRef = AC1976A52826532500F46731 /* LandmarkRow.swift */; };
		AC1976A82826546A00F46731 /* LandmarkList.swift in Sources */ = {isa = PBXBuildFile; fileRef = AC1976A72826546A00F46731 /* LandmarkList.swift */; };
		AC1976AA2826559E00F46731 /* LandmarkDetail.swift in Sources */ = {isa = PBXBuildFile; fileRef = AC1976A92826559E00F46731 /* LandmarkDetail.swift */; };
		AC4AAC11282505A90050417C /* LandmarksApp.swift in Sources */ = {isa = PBXBuildFile; fileRef = AC4AAC10282505A90050417C /* LandmarksApp.swift */; };
		AC4AAC13282505A90050417C /* ContentView.swift in Sources */ = {isa = PBXBuildFile; fileRef = AC4AAC12282505A90050417C /* ContentView.swift */; };
		AC4AAC15282505AB0050417C /* Assets.xcassets in Resources */ = {isa = PBXBuildFile; fileRef = AC4AAC14282505AB0050417C /* Assets.xcassets */; };
		AC4AAC18282505AB0050417C /* Preview Assets.xcassets in Resources */ = {isa = PBXBuildFile; fileRef = AC4AAC17282505AB0050417C /* Preview Assets.xcassets */; };
		AC4AAC1F282508720050417C /* CircleImage.swift in Sources */ = {isa = PBXBuildFile; fileRef = AC4AAC1E282508720050417C /* CircleImage.swift */; };
		AC4AAC21282509460050417C /* MapView.swift in Sources */ = {isa = PBXBuildFile; fileRef = AC4AAC20282509460050417C /* MapView.swift */; };
		AC54E1712828E1C6007FA8E7 /* BadgeSymbol.swift in Sources */ = {isa = PBXBuildFile; fileRef = AC54E1702828E1C6007FA8E7 /* BadgeSymbol.swift */; };
		AC6D6FBA2828B46800E786C5 /* FavoriteButton.swift in Sources */ = {isa = PBXBuildFile; fileRef = AC6D6FB92828B46800E786C5 /* FavoriteButton.swift */; };
		AC6D6FBE2828D68F00E786C5 /* HexagonParameters.swift in Sources */ = {isa = PBXBuildFile; fileRef = AC6D6FBD2828D68F00E786C5 /* HexagonParameters.swift */; };
		AC6D6FC02828D9BD00E786C5 /* BadgeBackground.swift in Sources */ = {isa = PBXBuildFile; fileRef = AC6D6FBF2828D9BD00E786C5 /* BadgeBackground.swift */; };
		ACA622022828E6370068C5E5 /* RotatedBadgeSymbol.swift in Sources */ = {isa = PBXBuildFile; fileRef = ACA622012828E6370068C5E5 /* RotatedBadgeSymbol.swift */; };
		ACA622042828E74F0068C5E5 /* Badge.swift in Sources */ = {isa = PBXBuildFile; fileRef = ACA622032828E74F0068C5E5 /* Badge.swift */; };
		ACA622072828F4B80068C5E5 /* hikeData.json in Resources */ = {isa = PBXBuildFile; fileRef = ACA622062828F4B80068C5E5 /* hikeData.json */; };
		ACA622092828F5200068C5E5 /* Hike.swift in Sources */ = {isa = PBXBuildFile; fileRef = ACA622082828F5200068C5E5 /* Hike.swift */; };
		ACA6220F2828F6BC0068C5E5 /* GraphCapsule.swift in Sources */ = {isa = PBXBuildFile; fileRef = ACA6220B2828F6BC0068C5E5 /* GraphCapsule.swift */; };
		ACA622102828F6BC0068C5E5 /* HikeGraph.swift in Sources */ = {isa = PBXBuildFile; fileRef = ACA6220C2828F6BC0068C5E5 /* HikeGraph.swift */; };
		ACA622112828F6BC0068C5E5 /* HikeDetail.swift in Sources */ = {isa = PBXBuildFile; fileRef = ACA6220D2828F6BC0068C5E5 /* HikeDetail.swift */; };
		ACA622122828F6BC0068C5E5 /* HikeView.swift in Sources */ = {isa = PBXBuildFile; fileRef = ACA6220E2828F6BC0068C5E5 /* HikeView.swift */; };
		ACA62215282A28CA0068C5E5 /* CategoryHome.swift in Sources */ = {isa = PBXBuildFile; fileRef = ACA62214282A28CA0068C5E5 /* CategoryHome.swift */; };
		ACA62217282A2D960068C5E5 /* CategoryRow.swift in Sources */ = {isa = PBXBuildFile; fileRef = ACA62216282A2D960068C5E5 /* CategoryRow.swift */; };
		ACA62219282A2F3D0068C5E5 /* CategoryItem.swift in Sources */ = {isa = PBXBuildFile; fileRef = ACA62218282A2F3D0068C5E5 /* CategoryItem.swift */; };
		ACA6221B282A399D0068C5E5 /* Profile.swift in Sources */ = {isa = PBXBuildFile; fileRef = ACA6221A282A399D0068C5E5 /* Profile.swift */; };
		ACA6221E282A3B4E0068C5E5 /* ProfileHost.swift in Sources */ = {isa = PBXBuildFile; fileRef = ACA6221D282A3B4E0068C5E5 /* ProfileHost.swift */; };
		ACA62220282A3C080068C5E5 /* ProfileSummary.swift in Sources */ = {isa = PBXBuildFile; fileRef = ACA6221F282A3C080068C5E5 /* ProfileSummary.swift */; };
		ACA62222282A3DCF0068C5E5 /* HikeBadge.swift in Sources */ = {isa = PBXBuildFile; fileRef = ACA62221282A3DCF0068C5E5 /* HikeBadge.swift */; };
		ACA62224282A45820068C5E5 /* ProfileEditor.swift in Sources */ = {isa = PBXBuildFile; fileRef = ACA62223282A45820068C5E5 /* ProfileEditor.swift */; };
		ACA62227282B7E3E0068C5E5 /* PageViewController.swift in Sources */ = {isa = PBXBuildFile; fileRef = ACA62226282B7E3E0068C5E5 /* PageViewController.swift */; };
		ACA62229282B80CB0068C5E5 /* FeatureCard.swift in Sources */ = {isa = PBXBuildFile; fileRef = ACA62228282B80CB0068C5E5 /* FeatureCard.swift */; };
		ACA6222B282B832A0068C5E5 /* PageView.swift in Sources */ = {isa = PBXBuildFile; fileRef = ACA6222A282B832A0068C5E5 /* PageView.swift */; };
		ACA6222D282B8D880068C5E5 /* PageControl.swift in Sources */ = {isa = PBXBuildFile; fileRef = ACA6222C282B8D880068C5E5 /* PageControl.swift */; };
		ACA62233282C91CC0068C5E5 /* Assets.xcassets in Resources */ = {isa = PBXBuildFile; fileRef = ACA62232282C91CC0068C5E5 /* Assets.xcassets */; };
		ACA62239282C91CC0068C5E5 /* WatchLandmarks WatchKit Extension.appex in Embed App Extensions */ = {isa = PBXBuildFile; fileRef = ACA62238282C91CC0068C5E5 /* WatchLandmarks WatchKit Extension.appex */; settings = {ATTRIBUTES = (RemoveHeadersOnCopy, ); }; };
		ACA62240282C91CC0068C5E5 /* ContentView.swift in Sources */ = {isa = PBXBuildFile; fileRef = ACA6223F282C91CC0068C5E5 /* ContentView.swift */; };
		ACA62242282C91CC0068C5E5 /* NotificationController.swift in Sources */ = {isa = PBXBuildFile; fileRef = ACA62241282C91CC0068C5E5 /* NotificationController.swift */; };
		ACA62244282C91CC0068C5E5 /* NotificationView.swift in Sources */ = {isa = PBXBuildFile; fileRef = ACA62243282C91CC0068C5E5 /* NotificationView.swift */; };
		ACA62246282C91CC0068C5E5 /* ComplicationController.swift in Sources */ = {isa = PBXBuildFile; fileRef = ACA62245282C91CC0068C5E5 /* ComplicationController.swift */; };
		ACA62248282C91CD0068C5E5 /* Assets.xcassets in Resources */ = {isa = PBXBuildFile; fileRef = ACA62247282C91CD0068C5E5 /* Assets.xcassets */; };
		ACA6224B282C91CD0068C5E5 /* Preview Assets.xcassets in Resources */ = {isa = PBXBuildFile; fileRef = ACA6224A282C91CD0068C5E5 /* Preview Assets.xcassets */; };
		ACA62250282C91CD0068C5E5 /* WatchLandmarks.app in Embed Watch Content */ = {isa = PBXBuildFile; fileRef = ACA62230282C91CA0068C5E5 /* WatchLandmarks.app */; settings = {ATTRIBUTES = (RemoveHeadersOnCopy, ); }; };
		ACA62259282C95510068C5E5 /* Profile.swift in Sources */ = {isa = PBXBuildFile; fileRef = ACA6221A282A399D0068C5E5 /* Profile.swift */; };
		ACA6225A282C95510068C5E5 /* LandmarksApp.swift in Sources */ = {isa = PBXBuildFile; fileRef = AC4AAC10282505A90050417C /* LandmarksApp.swift */; };
		ACA6225B282C95510068C5E5 /* Landmark.swift in Sources */ = {isa = PBXBuildFile; fileRef = AC19769E28264F8200F46731 /* Landmark.swift */; };
		ACA6225C282C95510068C5E5 /* Assets.xcassets in Resources */ = {isa = PBXBuildFile; fileRef = AC4AAC14282505AB0050417C /* Assets.xcassets */; };
		ACA6225D282C95510068C5E5 /* ModelData.swift in Sources */ = {isa = PBXBuildFile; fileRef = AC1976A0282650D400F46731 /* ModelData.swift */; };
		ACA6225E282C95510068C5E5 /* landmarkData.json in Resources */ = {isa = PBXBuildFile; fileRef = AC19769C28264F6800F46731 /* landmarkData.json */; };
		ACA6225F282C95510068C5E5 /* Hike.swift in Sources */ = {isa = PBXBuildFile; fileRef = ACA622082828F5200068C5E5 /* Hike.swift */; };
		ACA62260282C95510068C5E5 /* LandmarkRow.swift in Sources */ = {isa = PBXBuildFile; fileRef = AC1976A52826532500F46731 /* LandmarkRow.swift */; };
		ACA62261282C95510068C5E5 /* hikeData.json in Resources */ = {isa = PBXBuildFile; fileRef = ACA622062828F4B80068C5E5 /* hikeData.json */; };
		ACA62262282C95510068C5E5 /* CircleImage.swift in Sources */ = {isa = PBXBuildFile; fileRef = AC4AAC1E282508720050417C /* CircleImage.swift */; };
		ACA62263282C95510068C5E5 /* MapView.swift in Sources */ = {isa = PBXBuildFile; fileRef = AC4AAC20282509460050417C /* MapView.swift */; };
		ACA62264282C95510068C5E5 /* LandmarkList.swift in Sources */ = {isa = PBXBuildFile; fileRef = AC1976A72826546A00F46731 /* LandmarkList.swift */; };
		ACA62266282CE34A0068C5E5 /* LandmarkDetail.swift in Sources */ = {isa = PBXBuildFile; fileRef = ACA62265282CE34A0068C5E5 /* LandmarkDetail.swift */; };
/* End PBXBuildFile section */

/* Begin PBXContainerItemProxy section */
		ACA6223A282C91CC0068C5E5 /* PBXContainerItemProxy */ = {
			isa = PBXContainerItemProxy;
			containerPortal = AC4AAC05282505A90050417C /* Project object */;
			proxyType = 1;
			remoteGlobalIDString = ACA62237282C91CC0068C5E5;
			remoteInfo = "WatchLandmarks WatchKit Extension";
		};
		ACA6224E282C91CD0068C5E5 /* PBXContainerItemProxy */ = {
			isa = PBXContainerItemProxy;
			containerPortal = AC4AAC05282505A90050417C /* Project object */;
			proxyType = 1;
			remoteGlobalIDString = ACA6222F282C91CA0068C5E5;
			remoteInfo = WatchLandmarks;
		};
/* End PBXContainerItemProxy section */

/* Begin PBXCopyFilesBuildPhase section */
		ACA62254282C91CD0068C5E5 /* Embed App Extensions */ = {
			isa = PBXCopyFilesBuildPhase;
			buildActionMask = 2147483647;
			dstPath = "";
			dstSubfolderSpec = 13;
			files = (
				ACA62239282C91CC0068C5E5 /* WatchLandmarks WatchKit Extension.appex in Embed App Extensions */,
			);
			name = "Embed App Extensions";
			runOnlyForDeploymentPostprocessing = 0;
		};
		ACA62258282C91CD0068C5E5 /* Embed Watch Content */ = {
			isa = PBXCopyFilesBuildPhase;
			buildActionMask = 2147483647;
			dstPath = "$(CONTENTS_FOLDER_PATH)/Watch";
			dstSubfolderSpec = 16;
			files = (
				ACA62250282C91CD0068C5E5 /* WatchLandmarks.app in Embed Watch Content */,
			);
			name = "Embed Watch Content";
			runOnlyForDeploymentPostprocessing = 0;
		};
/* End PBXCopyFilesBuildPhase section */

/* Begin PBXFileReference section */
		AC19769C28264F6800F46731 /* landmarkData.json */ = {isa = PBXFileReference; fileEncoding = 4; lastKnownFileType = text.json; path = landmarkData.json; sourceTree = "<group>"; };
		AC19769E28264F8200F46731 /* Landmark.swift */ = {isa = PBXFileReference; lastKnownFileType = sourcecode.swift; path = Landmark.swift; sourceTree = "<group>"; };
		AC1976A0282650D400F46731 /* ModelData.swift */ = {isa = PBXFileReference; lastKnownFileType = sourcecode.swift; path = ModelData.swift; sourceTree = "<group>"; };
		AC1976A52826532500F46731 /* LandmarkRow.swift */ = {isa = PBXFileReference; lastKnownFileType = sourcecode.swift; path = LandmarkRow.swift; sourceTree = "<group>"; };
		AC1976A72826546A00F46731 /* LandmarkList.swift */ = {isa = PBXFileReference; lastKnownFileType = sourcecode.swift; path = LandmarkList.swift; sourceTree = "<group>"; };
		AC1976A92826559E00F46731 /* LandmarkDetail.swift */ = {isa = PBXFileReference; lastKnownFileType = sourcecode.swift; path = LandmarkDetail.swift; sourceTree = "<group>"; };
		AC4AAC0D282505A90050417C /* Landmarks.app */ = {isa = PBXFileReference; explicitFileType = wrapper.application; includeInIndex = 0; path = Landmarks.app; sourceTree = BUILT_PRODUCTS_DIR; };
		AC4AAC10282505A90050417C /* LandmarksApp.swift */ = {isa = PBXFileReference; lastKnownFileType = sourcecode.swift; path = LandmarksApp.swift; sourceTree = "<group>"; };
		AC4AAC12282505A90050417C /* ContentView.swift */ = {isa = PBXFileReference; lastKnownFileType = sourcecode.swift; path = ContentView.swift; sourceTree = "<group>"; };
		AC4AAC14282505AB0050417C /* Assets.xcassets */ = {isa = PBXFileReference; lastKnownFileType = folder.assetcatalog; path = Assets.xcassets; sourceTree = "<group>"; };
		AC4AAC17282505AB0050417C /* Preview Assets.xcassets */ = {isa = PBXFileReference; lastKnownFileType = folder.assetcatalog; path = "Preview Assets.xcassets"; sourceTree = "<group>"; };
		AC4AAC1E282508720050417C /* CircleImage.swift */ = {isa = PBXFileReference; lastKnownFileType = sourcecode.swift; path = CircleImage.swift; sourceTree = "<group>"; };
		AC4AAC20282509460050417C /* MapView.swift */ = {isa = PBXFileReference; lastKnownFileType = sourcecode.swift; path = MapView.swift; sourceTree = "<group>"; };
		AC54E1702828E1C6007FA8E7 /* BadgeSymbol.swift */ = {isa = PBXFileReference; lastKnownFileType = sourcecode.swift; path = BadgeSymbol.swift; sourceTree = "<group>"; };
		AC6D6FB92828B46800E786C5 /* FavoriteButton.swift */ = {isa = PBXFileReference; lastKnownFileType = sourcecode.swift; path = FavoriteButton.swift; sourceTree = "<group>"; };
		AC6D6FBD2828D68F00E786C5 /* HexagonParameters.swift */ = {isa = PBXFileReference; lastKnownFileType = sourcecode.swift; path = HexagonParameters.swift; sourceTree = "<group>"; };
		AC6D6FBF2828D9BD00E786C5 /* BadgeBackground.swift */ = {isa = PBXFileReference; lastKnownFileType = sourcecode.swift; path = BadgeBackground.swift; sourceTree = "<group>"; };
		ACA622012828E6370068C5E5 /* RotatedBadgeSymbol.swift */ = {isa = PBXFileReference; lastKnownFileType = sourcecode.swift; path = RotatedBadgeSymbol.swift; sourceTree = "<group>"; };
		ACA622032828E74F0068C5E5 /* Badge.swift */ = {isa = PBXFileReference; lastKnownFileType = sourcecode.swift; path = Badge.swift; sourceTree = "<group>"; };
		ACA622062828F4B80068C5E5 /* hikeData.json */ = {isa = PBXFileReference; fileEncoding = 4; lastKnownFileType = text.json; path = hikeData.json; sourceTree = "<group>"; };
		ACA622082828F5200068C5E5 /* Hike.swift */ = {isa = PBXFileReference; lastKnownFileType = sourcecode.swift; path = Hike.swift; sourceTree = "<group>"; };
		ACA6220B2828F6BC0068C5E5 /* GraphCapsule.swift */ = {isa = PBXFileReference; fileEncoding = 4; lastKnownFileType = sourcecode.swift; path = GraphCapsule.swift; sourceTree = "<group>"; };
		ACA6220C2828F6BC0068C5E5 /* HikeGraph.swift */ = {isa = PBXFileReference; fileEncoding = 4; lastKnownFileType = sourcecode.swift; path = HikeGraph.swift; sourceTree = "<group>"; };
		ACA6220D2828F6BC0068C5E5 /* HikeDetail.swift */ = {isa = PBXFileReference; fileEncoding = 4; lastKnownFileType = sourcecode.swift; path = HikeDetail.swift; sourceTree = "<group>"; };
		ACA6220E2828F6BC0068C5E5 /* HikeView.swift */ = {isa = PBXFileReference; fileEncoding = 4; lastKnownFileType = sourcecode.swift; path = HikeView.swift; sourceTree = "<group>"; };
		ACA62214282A28CA0068C5E5 /* CategoryHome.swift */ = {isa = PBXFileReference; lastKnownFileType = sourcecode.swift; path = CategoryHome.swift; sourceTree = "<group>"; };
		ACA62216282A2D960068C5E5 /* CategoryRow.swift */ = {isa = PBXFileReference; lastKnownFileType = sourcecode.swift; path = CategoryRow.swift; sourceTree = "<group>"; };
		ACA62218282A2F3D0068C5E5 /* CategoryItem.swift */ = {isa = PBXFileReference; lastKnownFileType = sourcecode.swift; path = CategoryItem.swift; sourceTree = "<group>"; };
		ACA6221A282A399D0068C5E5 /* Profile.swift */ = {isa = PBXFileReference; lastKnownFileType = sourcecode.swift; path = Profile.swift; sourceTree = "<group>"; };
		ACA6221D282A3B4E0068C5E5 /* ProfileHost.swift */ = {isa = PBXFileReference; lastKnownFileType = sourcecode.swift; path = ProfileHost.swift; sourceTree = "<group>"; };
		ACA6221F282A3C080068C5E5 /* ProfileSummary.swift */ = {isa = PBXFileReference; lastKnownFileType = sourcecode.swift; path = ProfileSummary.swift; sourceTree = "<group>"; };
		ACA62221282A3DCF0068C5E5 /* HikeBadge.swift */ = {isa = PBXFileReference; lastKnownFileType = sourcecode.swift; path = HikeBadge.swift; sourceTree = "<group>"; };
		ACA62223282A45820068C5E5 /* ProfileEditor.swift */ = {isa = PBXFileReference; lastKnownFileType = sourcecode.swift; path = ProfileEditor.swift; sourceTree = "<group>"; };
		ACA62226282B7E3E0068C5E5 /* PageViewController.swift */ = {isa = PBXFileReference; lastKnownFileType = sourcecode.swift; path = PageViewController.swift; sourceTree = "<group>"; };
		ACA62228282B80CB0068C5E5 /* FeatureCard.swift */ = {isa = PBXFileReference; lastKnownFileType = sourcecode.swift; path = FeatureCard.swift; sourceTree = "<group>"; };
		ACA6222A282B832A0068C5E5 /* PageView.swift */ = {isa = PBXFileReference; lastKnownFileType = sourcecode.swift; path = PageView.swift; sourceTree = "<group>"; };
		ACA6222C282B8D880068C5E5 /* PageControl.swift */ = {isa = PBXFileReference; lastKnownFileType = sourcecode.swift; path = PageControl.swift; sourceTree = "<group>"; };
		ACA62230282C91CA0068C5E5 /* WatchLandmarks.app */ = {isa = PBXFileReference; explicitFileType = wrapper.application; includeInIndex = 0; path = WatchLandmarks.app; sourceTree = BUILT_PRODUCTS_DIR; };
		ACA62232282C91CC0068C5E5 /* Assets.xcassets */ = {isa = PBXFileReference; lastKnownFileType = folder.assetcatalog; path = Assets.xcassets; sourceTree = "<group>"; };
		ACA62238282C91CC0068C5E5 /* WatchLandmarks WatchKit Extension.appex */ = {isa = PBXFileReference; explicitFileType = "wrapper.app-extension"; includeInIndex = 0; path = "WatchLandmarks WatchKit Extension.appex"; sourceTree = BUILT_PRODUCTS_DIR; };
		ACA6223F282C91CC0068C5E5 /* ContentView.swift */ = {isa = PBXFileReference; lastKnownFileType = sourcecode.swift; path = ContentView.swift; sourceTree = "<group>"; };
		ACA62241282C91CC0068C5E5 /* NotificationController.swift */ = {isa = PBXFileReference; lastKnownFileType = sourcecode.swift; path = NotificationController.swift; sourceTree = "<group>"; };
		ACA62243282C91CC0068C5E5 /* NotificationView.swift */ = {isa = PBXFileReference; lastKnownFileType = sourcecode.swift; path = NotificationView.swift; sourceTree = "<group>"; };
		ACA62245282C91CC0068C5E5 /* ComplicationController.swift */ = {isa = PBXFileReference; lastKnownFileType = sourcecode.swift; path = ComplicationController.swift; sourceTree = "<group>"; };
		ACA62247282C91CD0068C5E5 /* Assets.xcassets */ = {isa = PBXFileReference; lastKnownFileType = folder.assetcatalog; path = Assets.xcassets; sourceTree = "<group>"; };
		ACA6224A282C91CD0068C5E5 /* Preview Assets.xcassets */ = {isa = PBXFileReference; lastKnownFileType = folder.assetcatalog; path = "Preview Assets.xcassets"; sourceTree = "<group>"; };
		ACA6224C282C91CD0068C5E5 /* Info.plist */ = {isa = PBXFileReference; lastKnownFileType = text.plist.xml; path = Info.plist; sourceTree = "<group>"; };
		ACA6224D282C91CD0068C5E5 /* PushNotificationPayload.apns */ = {isa = PBXFileReference; lastKnownFileType = text; path = PushNotificationPayload.apns; sourceTree = "<group>"; };
		ACA62265282CE34A0068C5E5 /* LandmarkDetail.swift */ = {isa = PBXFileReference; lastKnownFileType = sourcecode.swift; path = LandmarkDetail.swift; sourceTree = "<group>"; };
/* End PBXFileReference section */

/* Begin PBXFrameworksBuildPhase section */
		AC4AAC0A282505A90050417C /* Frameworks */ = {
			isa = PBXFrameworksBuildPhase;
			buildActionMask = 2147483647;
			files = (
			);
			runOnlyForDeploymentPostprocessing = 0;
		};
		ACA62235282C91CC0068C5E5 /* Frameworks */ = {
			isa = PBXFrameworksBuildPhase;
			buildActionMask = 2147483647;
			files = (
			);
			runOnlyForDeploymentPostprocessing = 0;
		};
/* End PBXFrameworksBuildPhase section */

/* Begin PBXGroup section */
		AC1976A22826525400F46731 /* Views */ = {
			isa = PBXGroup;
			children = (
				AC4AAC12282505A90050417C /* ContentView.swift */,
				ACA62225282B7E0A0068C5E5 /* PageView */,
				ACA6221C282A3AF50068C5E5 /* Profiles */,
				ACA62213282A28AA0068C5E5 /* Categories */,
				ACA6220A2828F6BC0068C5E5 /* Hikes */,
				ACA622052828E9600068C5E5 /* Badges */,
				AC6D6FBC2828B60100E786C5 /* Landmarks */,
				AC6D6FBB2828B5EB00E786C5 /* Helpers */,
			);
			path = Views;
			sourceTree = "<group>";
		};
		AC1976A32826526000F46731 /* Model */ = {
			isa = PBXGroup;
			children = (
				AC19769E28264F8200F46731 /* Landmark.swift */,
				ACA6221A282A399D0068C5E5 /* Profile.swift */,
				ACA622082828F5200068C5E5 /* Hike.swift */,
				AC1976A0282650D400F46731 /* ModelData.swift */,
			);
			path = Model;
			sourceTree = "<group>";
		};
		AC1976A42826526800F46731 /* Resources */ = {
			isa = PBXGroup;
			children = (
				ACA622062828F4B80068C5E5 /* hikeData.json */,
				AC19769C28264F6800F46731 /* landmarkData.json */,
			);
			path = Resources;
			sourceTree = "<group>";
		};
		AC4AAC04282505A90050417C = {
			isa = PBXGroup;
			children = (
				AC4AAC0F282505A90050417C /* Landmarks */,
				ACA62231282C91CA0068C5E5 /* WatchLandmarks */,
				ACA6223C282C91CC0068C5E5 /* WatchLandmarks WatchKit Extension */,
				AC4AAC0E282505A90050417C /* Products */,
			);
			sourceTree = "<group>";
		};
		AC4AAC0E282505A90050417C /* Products */ = {
			isa = PBXGroup;
			children = (
				AC4AAC0D282505A90050417C /* Landmarks.app */,
				ACA62230282C91CA0068C5E5 /* WatchLandmarks.app */,
				ACA62238282C91CC0068C5E5 /* WatchLandmarks WatchKit Extension.appex */,
			);
			name = Products;
			sourceTree = "<group>";
		};
		AC4AAC0F282505A90050417C /* Landmarks */ = {
			isa = PBXGroup;
			children = (
				AC4AAC10282505A90050417C /* LandmarksApp.swift */,
				AC1976A22826525400F46731 /* Views */,
				AC1976A32826526000F46731 /* Model */,
				AC4AAC14282505AB0050417C /* Assets.xcassets */,
				AC1976A42826526800F46731 /* Resources */,
				AC4AAC16282505AB0050417C /* Preview Content */,
			);
			path = Landmarks;
			sourceTree = "<group>";
		};
		AC4AAC16282505AB0050417C /* Preview Content */ = {
			isa = PBXGroup;
			children = (
				AC4AAC17282505AB0050417C /* Preview Assets.xcassets */,
			);
			path = "Preview Content";
			sourceTree = "<group>";
		};
		AC6D6FBB2828B5EB00E786C5 /* Helpers */ = {
			isa = PBXGroup;
			children = (
				AC6D6FB92828B46800E786C5 /* FavoriteButton.swift */,
				AC4AAC1E282508720050417C /* CircleImage.swift */,
				AC4AAC20282509460050417C /* MapView.swift */,
			);
			path = Helpers;
			sourceTree = "<group>";
		};
		AC6D6FBC2828B60100E786C5 /* Landmarks */ = {
			isa = PBXGroup;
			children = (
				AC1976A52826532500F46731 /* LandmarkRow.swift */,
				AC1976A72826546A00F46731 /* LandmarkList.swift */,
				AC1976A92826559E00F46731 /* LandmarkDetail.swift */,
			);
			path = Landmarks;
			sourceTree = "<group>";
		};
		ACA622052828E9600068C5E5 /* Badges */ = {
			isa = PBXGroup;
			children = (
				AC54E1702828E1C6007FA8E7 /* BadgeSymbol.swift */,
				ACA622012828E6370068C5E5 /* RotatedBadgeSymbol.swift */,
				ACA622032828E74F0068C5E5 /* Badge.swift */,
				AC6D6FBD2828D68F00E786C5 /* HexagonParameters.swift */,
				AC6D6FBF2828D9BD00E786C5 /* BadgeBackground.swift */,
			);
			path = Badges;
			sourceTree = "<group>";
		};
		ACA6220A2828F6BC0068C5E5 /* Hikes */ = {
			isa = PBXGroup;
			children = (
				ACA6220B2828F6BC0068C5E5 /* GraphCapsule.swift */,
				ACA62221282A3DCF0068C5E5 /* HikeBadge.swift */,
				ACA6220C2828F6BC0068C5E5 /* HikeGraph.swift */,
				ACA6220D2828F6BC0068C5E5 /* HikeDetail.swift */,
				ACA6220E2828F6BC0068C5E5 /* HikeView.swift */,
			);
			path = Hikes;
			sourceTree = "<group>";
		};
		ACA62213282A28AA0068C5E5 /* Categories */ = {
			isa = PBXGroup;
			children = (
				ACA62214282A28CA0068C5E5 /* CategoryHome.swift */,
				ACA62216282A2D960068C5E5 /* CategoryRow.swift */,
				ACA62218282A2F3D0068C5E5 /* CategoryItem.swift */,
			);
			path = Categories;
			sourceTree = "<group>";
		};
		ACA6221C282A3AF50068C5E5 /* Profiles */ = {
			isa = PBXGroup;
			children = (
				ACA6221D282A3B4E0068C5E5 /* ProfileHost.swift */,
				ACA62223282A45820068C5E5 /* ProfileEditor.swift */,
				ACA6221F282A3C080068C5E5 /* ProfileSummary.swift */,
			);
			path = Profiles;
			sourceTree = "<group>";
		};
		ACA62225282B7E0A0068C5E5 /* PageView */ = {
			isa = PBXGroup;
			children = (
				ACA62226282B7E3E0068C5E5 /* PageViewController.swift */,
				ACA62228282B80CB0068C5E5 /* FeatureCard.swift */,
				ACA6222A282B832A0068C5E5 /* PageView.swift */,
				ACA6222C282B8D880068C5E5 /* PageControl.swift */,
			);
			path = PageView;
			sourceTree = "<group>";
		};
		ACA62231282C91CA0068C5E5 /* WatchLandmarks */ = {
			isa = PBXGroup;
			children = (
				ACA62232282C91CC0068C5E5 /* Assets.xcassets */,
			);
			path = WatchLandmarks;
			sourceTree = "<group>";
		};
		ACA6223C282C91CC0068C5E5 /* WatchLandmarks WatchKit Extension */ = {
			isa = PBXGroup;
			children = (
				ACA6223F282C91CC0068C5E5 /* ContentView.swift */,
				ACA62241282C91CC0068C5E5 /* NotificationController.swift */,
				ACA62265282CE34A0068C5E5 /* LandmarkDetail.swift */,
				ACA62243282C91CC0068C5E5 /* NotificationView.swift */,
				ACA62245282C91CC0068C5E5 /* ComplicationController.swift */,
				ACA62247282C91CD0068C5E5 /* Assets.xcassets */,
				ACA6224C282C91CD0068C5E5 /* Info.plist */,
				ACA6224D282C91CD0068C5E5 /* PushNotificationPayload.apns */,
				ACA62249282C91CD0068C5E5 /* Preview Content */,
			);
			path = "WatchLandmarks WatchKit Extension";
			sourceTree = "<group>";
		};
		ACA62249282C91CD0068C5E5 /* Preview Content */ = {
			isa = PBXGroup;
			children = (
				ACA6224A282C91CD0068C5E5 /* Preview Assets.xcassets */,
			);
			path = "Preview Content";
			sourceTree = "<group>";
		};
/* End PBXGroup section */

/* Begin PBXNativeTarget section */
		AC4AAC0C282505A90050417C /* Landmarks */ = {
			isa = PBXNativeTarget;
			buildConfigurationList = AC4AAC1B282505AB0050417C /* Build configuration list for PBXNativeTarget "Landmarks" */;
			buildPhases = (
				AC4AAC09282505A90050417C /* Sources */,
				AC4AAC0A282505A90050417C /* Frameworks */,
				AC4AAC0B282505A90050417C /* Resources */,
				ACA62258282C91CD0068C5E5 /* Embed Watch Content */,
			);
			buildRules = (
			);
			dependencies = (
				ACA6224F282C91CD0068C5E5 /* PBXTargetDependency */,
			);
			name = Landmarks;
			productName = Landmarks;
			productReference = AC4AAC0D282505A90050417C /* Landmarks.app */;
			productType = "com.apple.product-type.application";
		};
		ACA6222F282C91CA0068C5E5 /* WatchLandmarks */ = {
			isa = PBXNativeTarget;
			buildConfigurationList = ACA62255282C91CD0068C5E5 /* Build configuration list for PBXNativeTarget "WatchLandmarks" */;
			buildPhases = (
				ACA6222E282C91CA0068C5E5 /* Resources */,
				ACA62254282C91CD0068C5E5 /* Embed App Extensions */,
			);
			buildRules = (
			);
			dependencies = (
				ACA6223B282C91CC0068C5E5 /* PBXTargetDependency */,
			);
			name = WatchLandmarks;
			productName = WatchLandmarks;
			productReference = ACA62230282C91CA0068C5E5 /* WatchLandmarks.app */;
			productType = "com.apple.product-type.application.watchapp2";
		};
		ACA62237282C91CC0068C5E5 /* WatchLandmarks WatchKit Extension */ = {
			isa = PBXNativeTarget;
			buildConfigurationList = ACA62251282C91CD0068C5E5 /* Build configuration list for PBXNativeTarget "WatchLandmarks WatchKit Extension" */;
			buildPhases = (
				ACA62234282C91CC0068C5E5 /* Sources */,
				ACA62235282C91CC0068C5E5 /* Frameworks */,
				ACA62236282C91CC0068C5E5 /* Resources */,
			);
			buildRules = (
			);
			dependencies = (
			);
			name = "WatchLandmarks WatchKit Extension";
			productName = "WatchLandmarks WatchKit Extension";
			productReference = ACA62238282C91CC0068C5E5 /* WatchLandmarks WatchKit Extension.appex */;
			productType = "com.apple.product-type.watchkit2-extension";
		};
/* End PBXNativeTarget section */

/* Begin PBXProject section */
		AC4AAC05282505A90050417C /* Project object */ = {
			isa = PBXProject;
			attributes = {
				BuildIndependentTargetsInParallel = 1;
				LastSwiftUpdateCheck = 1320;
				LastUpgradeCheck = 1320;
				TargetAttributes = {
					AC4AAC0C282505A90050417C = {
						CreatedOnToolsVersion = 13.2.1;
					};
					ACA6222F282C91CA0068C5E5 = {
						CreatedOnToolsVersion = 13.2.1;
					};
					ACA62237282C91CC0068C5E5 = {
						CreatedOnToolsVersion = 13.2.1;
					};
				};
			};
			buildConfigurationList = AC4AAC08282505A90050417C /* Build configuration list for PBXProject "Landmarks" */;
			compatibilityVersion = "Xcode 13.0";
			developmentRegion = en;
			hasScannedForEncodings = 0;
			knownRegions = (
				en,
				Base,
			);
			mainGroup = AC4AAC04282505A90050417C;
			productRefGroup = AC4AAC0E282505A90050417C /* Products */;
			projectDirPath = "";
			projectRoot = "";
			targets = (
				AC4AAC0C282505A90050417C /* Landmarks */,
				ACA6222F282C91CA0068C5E5 /* WatchLandmarks */,
				ACA62237282C91CC0068C5E5 /* WatchLandmarks WatchKit Extension */,
			);
		};
/* End PBXProject section */

/* Begin PBXResourcesBuildPhase section */
		AC4AAC0B282505A90050417C /* Resources */ = {
			isa = PBXResourcesBuildPhase;
			buildActionMask = 2147483647;
			files = (
				ACA622072828F4B80068C5E5 /* hikeData.json in Resources */,
				AC4AAC18282505AB0050417C /* Preview Assets.xcassets in Resources */,
				AC4AAC15282505AB0050417C /* Assets.xcassets in Resources */,
				AC19769D28264F6800F46731 /* landmarkData.json in Resources */,
			);
			runOnlyForDeploymentPostprocessing = 0;
		};
		ACA6222E282C91CA0068C5E5 /* Resources */ = {
			isa = PBXResourcesBuildPhase;
			buildActionMask = 2147483647;
			files = (
				ACA62233282C91CC0068C5E5 /* Assets.xcassets in Resources */,
			);
			runOnlyForDeploymentPostprocessing = 0;
		};
		ACA62236282C91CC0068C5E5 /* Resources */ = {
			isa = PBXResourcesBuildPhase;
			buildActionMask = 2147483647;
			files = (
				ACA6224B282C91CD0068C5E5 /* Preview Assets.xcassets in Resources */,
				ACA6225E282C95510068C5E5 /* landmarkData.json in Resources */,
				ACA6225C282C95510068C5E5 /* Assets.xcassets in Resources */,
				ACA62248282C91CD0068C5E5 /* Assets.xcassets in Resources */,
				ACA62261282C95510068C5E5 /* hikeData.json in Resources */,
			);
			runOnlyForDeploymentPostprocessing = 0;
		};
/* End PBXResourcesBuildPhase section */

/* Begin PBXSourcesBuildPhase section */
		AC4AAC09282505A90050417C /* Sources */ = {
			isa = PBXSourcesBuildPhase;
			buildActionMask = 2147483647;
			files = (
				ACA62217282A2D960068C5E5 /* CategoryRow.swift in Sources */,
				ACA6221B282A399D0068C5E5 /* Profile.swift in Sources */,
				AC4AAC13282505A90050417C /* ContentView.swift in Sources */,
				ACA62215282A28CA0068C5E5 /* CategoryHome.swift in Sources */,
				ACA62229282B80CB0068C5E5 /* FeatureCard.swift in Sources */,
				ACA622102828F6BC0068C5E5 /* HikeGraph.swift in Sources */,
				ACA622042828E74F0068C5E5 /* Badge.swift in Sources */,
				AC4AAC21282509460050417C /* MapView.swift in Sources */,
				ACA6220F2828F6BC0068C5E5 /* GraphCapsule.swift in Sources */,
				AC4AAC11282505A90050417C /* LandmarksApp.swift in Sources */,
				ACA6222D282B8D880068C5E5 /* PageControl.swift in Sources */,
				AC6D6FBA2828B46800E786C5 /* FavoriteButton.swift in Sources */,
				ACA62219282A2F3D0068C5E5 /* CategoryItem.swift in Sources */,
				ACA622112828F6BC0068C5E5 /* HikeDetail.swift in Sources */,
				ACA62220282A3C080068C5E5 /* ProfileSummary.swift in Sources */,
				AC6D6FBE2828D68F00E786C5 /* HexagonParameters.swift in Sources */,
				ACA6221E282A3B4E0068C5E5 /* ProfileHost.swift in Sources */,
				ACA622092828F5200068C5E5 /* Hike.swift in Sources */,
				ACA622022828E6370068C5E5 /* RotatedBadgeSymbol.swift in Sources */,
				ACA6222B282B832A0068C5E5 /* PageView.swift in Sources */,
				AC54E1712828E1C6007FA8E7 /* BadgeSymbol.swift in Sources */,
				ACA62224282A45820068C5E5 /* ProfileEditor.swift in Sources */,
				AC1976A82826546A00F46731 /* LandmarkList.swift in Sources */,
				ACA622122828F6BC0068C5E5 /* HikeView.swift in Sources */,
				AC1976AA2826559E00F46731 /* LandmarkDetail.swift in Sources */,
				ACA62227282B7E3E0068C5E5 /* PageViewController.swift in Sources */,
				AC6D6FC02828D9BD00E786C5 /* BadgeBackground.swift in Sources */,
				ACA62222282A3DCF0068C5E5 /* HikeBadge.swift in Sources */,
				AC4AAC1F282508720050417C /* CircleImage.swift in Sources */,
				AC19769F28264F8200F46731 /* Landmark.swift in Sources */,
				AC1976A62826532500F46731 /* LandmarkRow.swift in Sources */,
				AC1976A1282650D400F46731 /* ModelData.swift in Sources */,
			);
			runOnlyForDeploymentPostprocessing = 0;
		};
		ACA62234282C91CC0068C5E5 /* Sources */ = {
			isa = PBXSourcesBuildPhase;
			buildActionMask = 2147483647;
			files = (
				ACA6225B282C95510068C5E5 /* Landmark.swift in Sources */,
				ACA62263282C95510068C5E5 /* MapView.swift in Sources */,
				ACA62242282C91CC0068C5E5 /* NotificationController.swift in Sources */,
				ACA6225A282C95510068C5E5 /* LandmarksApp.swift in Sources */,
				ACA62264282C95510068C5E5 /* LandmarkList.swift in Sources */,
				ACA62259282C95510068C5E5 /* Profile.swift in Sources */,
				ACA62266282CE34A0068C5E5 /* LandmarkDetail.swift in Sources */,
				ACA62240282C91CC0068C5E5 /* ContentView.swift in Sources */,
				ACA6225D282C95510068C5E5 /* ModelData.swift in Sources */,
				ACA6225F282C95510068C5E5 /* Hike.swift in Sources */,
				ACA62246282C91CC0068C5E5 /* ComplicationController.swift in Sources */,
				ACA62262282C95510068C5E5 /* CircleImage.swift in Sources */,
				ACA62260282C95510068C5E5 /* LandmarkRow.swift in Sources */,
				ACA62244282C91CC0068C5E5 /* NotificationView.swift in Sources */,
			);
			runOnlyForDeploymentPostprocessing = 0;
		};
/* End PBXSourcesBuildPhase section */

/* Begin PBXTargetDependency section */
		ACA6223B282C91CC0068C5E5 /* PBXTargetDependency */ = {
			isa = PBXTargetDependency;
			target = ACA62237282C91CC0068C5E5 /* WatchLandmarks WatchKit Extension */;
			targetProxy = ACA6223A282C91CC0068C5E5 /* PBXContainerItemProxy */;
		};
		ACA6224F282C91CD0068C5E5 /* PBXTargetDependency */ = {
			isa = PBXTargetDependency;
			target = ACA6222F282C91CA0068C5E5 /* WatchLandmarks */;
			targetProxy = ACA6224E282C91CD0068C5E5 /* PBXContainerItemProxy */;
		};
/* End PBXTargetDependency section */

/* Begin XCBuildConfiguration section */
		AC4AAC19282505AB0050417C /* Debug */ = {
			isa = XCBuildConfiguration;
			buildSettings = {
				ALWAYS_SEARCH_USER_PATHS = NO;
				CLANG_ANALYZER_NONNULL = YES;
				CLANG_ANALYZER_NUMBER_OBJECT_CONVERSION = YES_AGGRESSIVE;
				CLANG_CXX_LANGUAGE_STANDARD = "gnu++17";
				CLANG_CXX_LIBRARY = "libc++";
				CLANG_ENABLE_MODULES = YES;
				CLANG_ENABLE_OBJC_ARC = YES;
				CLANG_ENABLE_OBJC_WEAK = YES;
				CLANG_WARN_BLOCK_CAPTURE_AUTORELEASING = YES;
				CLANG_WARN_BOOL_CONVERSION = YES;
				CLANG_WARN_COMMA = YES;
				CLANG_WARN_CONSTANT_CONVERSION = YES;
				CLANG_WARN_DEPRECATED_OBJC_IMPLEMENTATIONS = YES;
				CLANG_WARN_DIRECT_OBJC_ISA_USAGE = YES_ERROR;
				CLANG_WARN_DOCUMENTATION_COMMENTS = YES;
				CLANG_WARN_EMPTY_BODY = YES;
				CLANG_WARN_ENUM_CONVERSION = YES;
				CLANG_WARN_INFINITE_RECURSION = YES;
				CLANG_WARN_INT_CONVERSION = YES;
				CLANG_WARN_NON_LITERAL_NULL_CONVERSION = YES;
				CLANG_WARN_OBJC_IMPLICIT_RETAIN_SELF = YES;
				CLANG_WARN_OBJC_LITERAL_CONVERSION = YES;
				CLANG_WARN_OBJC_ROOT_CLASS = YES_ERROR;
				CLANG_WARN_QUOTED_INCLUDE_IN_FRAMEWORK_HEADER = YES;
				CLANG_WARN_RANGE_LOOP_ANALYSIS = YES;
				CLANG_WARN_STRICT_PROTOTYPES = YES;
				CLANG_WARN_SUSPICIOUS_MOVE = YES;
				CLANG_WARN_UNGUARDED_AVAILABILITY = YES_AGGRESSIVE;
				CLANG_WARN_UNREACHABLE_CODE = YES;
				CLANG_WARN__DUPLICATE_METHOD_MATCH = YES;
				COPY_PHASE_STRIP = NO;
				DEBUG_INFORMATION_FORMAT = dwarf;
				ENABLE_STRICT_OBJC_MSGSEND = YES;
				ENABLE_TESTABILITY = YES;
				GCC_C_LANGUAGE_STANDARD = gnu11;
				GCC_DYNAMIC_NO_PIC = NO;
				GCC_NO_COMMON_BLOCKS = YES;
				GCC_OPTIMIZATION_LEVEL = 0;
				GCC_PREPROCESSOR_DEFINITIONS = (
					"DEBUG=1",
					"$(inherited)",
				);
				GCC_WARN_64_TO_32_BIT_CONVERSION = YES;
				GCC_WARN_ABOUT_RETURN_TYPE = YES_ERROR;
				GCC_WARN_UNDECLARED_SELECTOR = YES;
				GCC_WARN_UNINITIALIZED_AUTOS = YES_AGGRESSIVE;
				GCC_WARN_UNUSED_FUNCTION = YES;
				GCC_WARN_UNUSED_VARIABLE = YES;
				IPHONEOS_DEPLOYMENT_TARGET = 15.2;
				MTL_ENABLE_DEBUG_INFO = INCLUDE_SOURCE;
				MTL_FAST_MATH = YES;
				ONLY_ACTIVE_ARCH = YES;
				SDKROOT = iphoneos;
				SWIFT_ACTIVE_COMPILATION_CONDITIONS = DEBUG;
				SWIFT_OPTIMIZATION_LEVEL = "-Onone";
			};
			name = Debug;
		};
		AC4AAC1A282505AB0050417C /* Release */ = {
			isa = XCBuildConfiguration;
			buildSettings = {
				ALWAYS_SEARCH_USER_PATHS = NO;
				CLANG_ANALYZER_NONNULL = YES;
				CLANG_ANALYZER_NUMBER_OBJECT_CONVERSION = YES_AGGRESSIVE;
				CLANG_CXX_LANGUAGE_STANDARD = "gnu++17";
				CLANG_CXX_LIBRARY = "libc++";
				CLANG_ENABLE_MODULES = YES;
				CLANG_ENABLE_OBJC_ARC = YES;
				CLANG_ENABLE_OBJC_WEAK = YES;
				CLANG_WARN_BLOCK_CAPTURE_AUTORELEASING = YES;
				CLANG_WARN_BOOL_CONVERSION = YES;
				CLANG_WARN_COMMA = YES;
				CLANG_WARN_CONSTANT_CONVERSION = YES;
				CLANG_WARN_DEPRECATED_OBJC_IMPLEMENTATIONS = YES;
				CLANG_WARN_DIRECT_OBJC_ISA_USAGE = YES_ERROR;
				CLANG_WARN_DOCUMENTATION_COMMENTS = YES;
				CLANG_WARN_EMPTY_BODY = YES;
				CLANG_WARN_ENUM_CONVERSION = YES;
				CLANG_WARN_INFINITE_RECURSION = YES;
				CLANG_WARN_INT_CONVERSION = YES;
				CLANG_WARN_NON_LITERAL_NULL_CONVERSION = YES;
				CLANG_WARN_OBJC_IMPLICIT_RETAIN_SELF = YES;
				CLANG_WARN_OBJC_LITERAL_CONVERSION = YES;
				CLANG_WARN_OBJC_ROOT_CLASS = YES_ERROR;
				CLANG_WARN_QUOTED_INCLUDE_IN_FRAMEWORK_HEADER = YES;
				CLANG_WARN_RANGE_LOOP_ANALYSIS = YES;
				CLANG_WARN_STRICT_PROTOTYPES = YES;
				CLANG_WARN_SUSPICIOUS_MOVE = YES;
				CLANG_WARN_UNGUARDED_AVAILABILITY = YES_AGGRESSIVE;
				CLANG_WARN_UNREACHABLE_CODE = YES;
				CLANG_WARN__DUPLICATE_METHOD_MATCH = YES;
				COPY_PHASE_STRIP = NO;
				DEBUG_INFORMATION_FORMAT = "dwarf-with-dsym";
				ENABLE_NS_ASSERTIONS = NO;
				ENABLE_STRICT_OBJC_MSGSEND = YES;
				GCC_C_LANGUAGE_STANDARD = gnu11;
				GCC_NO_COMMON_BLOCKS = YES;
				GCC_WARN_64_TO_32_BIT_CONVERSION = YES;
				GCC_WARN_ABOUT_RETURN_TYPE = YES_ERROR;
				GCC_WARN_UNDECLARED_SELECTOR = YES;
				GCC_WARN_UNINITIALIZED_AUTOS = YES_AGGRESSIVE;
				GCC_WARN_UNUSED_FUNCTION = YES;
				GCC_WARN_UNUSED_VARIABLE = YES;
				IPHONEOS_DEPLOYMENT_TARGET = 15.2;
				MTL_ENABLE_DEBUG_INFO = NO;
				MTL_FAST_MATH = YES;
				SDKROOT = iphoneos;
				SWIFT_COMPILATION_MODE = wholemodule;
				SWIFT_OPTIMIZATION_LEVEL = "-O";
				VALIDATE_PRODUCT = YES;
			};
			name = Release;
		};
		AC4AAC1C282505AB0050417C /* Debug */ = {
			isa = XCBuildConfiguration;
			buildSettings = {
				ASSETCATALOG_COMPILER_APPICON_NAME = AppIcon;
				ASSETCATALOG_COMPILER_GLOBAL_ACCENT_COLOR_NAME = AccentColor;
				CODE_SIGN_STYLE = Automatic;
				CURRENT_PROJECT_VERSION = 1;
				DEVELOPMENT_ASSET_PATHS = "\"Landmarks/Preview Content\"";
				DEVELOPMENT_TEAM = Y2VF5F9C77;
				ENABLE_PREVIEWS = YES;
				GENERATE_INFOPLIST_FILE = YES;
				INFOPLIST_KEY_UIApplicationSceneManifest_Generation = YES;
				INFOPLIST_KEY_UIApplicationSupportsIndirectInputEvents = YES;
				INFOPLIST_KEY_UILaunchScreen_Generation = YES;
				INFOPLIST_KEY_UISupportedInterfaceOrientations_iPad = "UIInterfaceOrientationPortrait UIInterfaceOrientationPortraitUpsideDown UIInterfaceOrientationLandscapeLeft UIInterfaceOrientationLandscapeRight";
				INFOPLIST_KEY_UISupportedInterfaceOrientations_iPhone = "UIInterfaceOrientationPortrait UIInterfaceOrientationLandscapeLeft UIInterfaceOrientationLandscapeRight";
				LD_RUNPATH_SEARCH_PATHS = (
					"$(inherited)",
					"@executable_path/Frameworks",
				);
				MARKETING_VERSION = 1.0;
				PRODUCT_BUNDLE_IDENTIFIER = com.gmail.haloupgarou.Landmarks;
				PRODUCT_NAME = "$(TARGET_NAME)";
				SWIFT_EMIT_LOC_STRINGS = YES;
				SWIFT_VERSION = 5.0;
				TARGETED_DEVICE_FAMILY = "1,2";
			};
			name = Debug;
		};
		AC4AAC1D282505AB0050417C /* Release */ = {
			isa = XCBuildConfiguration;
			buildSettings = {
				ASSETCATALOG_COMPILER_APPICON_NAME = AppIcon;
				ASSETCATALOG_COMPILER_GLOBAL_ACCENT_COLOR_NAME = AccentColor;
				CODE_SIGN_STYLE = Automatic;
				CURRENT_PROJECT_VERSION = 1;
				DEVELOPMENT_ASSET_PATHS = "\"Landmarks/Preview Content\"";
				DEVELOPMENT_TEAM = Y2VF5F9C77;
				ENABLE_PREVIEWS = YES;
				GENERATE_INFOPLIST_FILE = YES;
				INFOPLIST_KEY_UIApplicationSceneManifest_Generation = YES;
				INFOPLIST_KEY_UIApplicationSupportsIndirectInputEvents = YES;
				INFOPLIST_KEY_UILaunchScreen_Generation = YES;
				INFOPLIST_KEY_UISupportedInterfaceOrientations_iPad = "UIInterfaceOrientationPortrait UIInterfaceOrientationPortraitUpsideDown UIInterfaceOrientationLandscapeLeft UIInterfaceOrientationLandscapeRight";
				INFOPLIST_KEY_UISupportedInterfaceOrientations_iPhone = "UIInterfaceOrientationPortrait UIInterfaceOrientationLandscapeLeft UIInterfaceOrientationLandscapeRight";
				LD_RUNPATH_SEARCH_PATHS = (
					"$(inherited)",
					"@executable_path/Frameworks",
				);
				MARKETING_VERSION = 1.0;
				PRODUCT_BUNDLE_IDENTIFIER = com.gmail.haloupgarou.Landmarks;
				PRODUCT_NAME = "$(TARGET_NAME)";
				SWIFT_EMIT_LOC_STRINGS = YES;
				SWIFT_VERSION = 5.0;
				TARGETED_DEVICE_FAMILY = "1,2";
			};
			name = Release;
		};
		ACA62252282C91CD0068C5E5 /* Debug */ = {
			isa = XCBuildConfiguration;
			buildSettings = {
				ASSETCATALOG_COMPILER_COMPLICATION_NAME = Complication;
				CODE_SIGN_STYLE = Automatic;
				CURRENT_PROJECT_VERSION = 1;
				DEVELOPMENT_ASSET_PATHS = "\"WatchLandmarks WatchKit Extension/Preview Content\"";
				DEVELOPMENT_TEAM = Y2VF5F9C77;
				ENABLE_PREVIEWS = YES;
				GENERATE_INFOPLIST_FILE = YES;
				INFOPLIST_FILE = "WatchLandmarks WatchKit Extension/Info.plist";
				INFOPLIST_KEY_CFBundleDisplayName = "WatchLandmarks WatchKit Extension";
				INFOPLIST_KEY_CLKComplicationPrincipalClass = WatchLandmarks_WatchKit_Extension.ComplicationController;
				INFOPLIST_KEY_NSHumanReadableCopyright = "";
				INFOPLIST_KEY_WKRunsIndependentlyOfCompanionApp = YES;
				LD_RUNPATH_SEARCH_PATHS = (
					"$(inherited)",
					"@executable_path/Frameworks",
					"@executable_path/../../Frameworks",
				);
				MARKETING_VERSION = 1.0;
				PRODUCT_BUNDLE_IDENTIFIER = com.gmail.haloupgarou.Landmarks.watchkitapp.watchkitextension;
				PRODUCT_NAME = "${TARGET_NAME}";
				SDKROOT = watchos;
				SKIP_INSTALL = YES;
				SWIFT_EMIT_LOC_STRINGS = YES;
				SWIFT_VERSION = 5.0;
				TARGETED_DEVICE_FAMILY = 4;
				WATCHOS_DEPLOYMENT_TARGET = 8.3;
			};
			name = Debug;
		};
		ACA62253282C91CD0068C5E5 /* Release */ = {
			isa = XCBuildConfiguration;
			buildSettings = {
				ASSETCATALOG_COMPILER_COMPLICATION_NAME = Complication;
				CODE_SIGN_STYLE = Automatic;
				CURRENT_PROJECT_VERSION = 1;
				DEVELOPMENT_ASSET_PATHS = "\"WatchLandmarks WatchKit Extension/Preview Content\"";
				DEVELOPMENT_TEAM = Y2VF5F9C77;
				ENABLE_PREVIEWS = YES;
				GENERATE_INFOPLIST_FILE = YES;
				INFOPLIST_FILE = "WatchLandmarks WatchKit Extension/Info.plist";
				INFOPLIST_KEY_CFBundleDisplayName = "WatchLandmarks WatchKit Extension";
				INFOPLIST_KEY_CLKComplicationPrincipalClass = WatchLandmarks_WatchKit_Extension.ComplicationController;
				INFOPLIST_KEY_NSHumanReadableCopyright = "";
				INFOPLIST_KEY_WKRunsIndependentlyOfCompanionApp = YES;
				LD_RUNPATH_SEARCH_PATHS = (
					"$(inherited)",
					"@executable_path/Frameworks",
					"@executable_path/../../Frameworks",
				);
				MARKETING_VERSION = 1.0;
				PRODUCT_BUNDLE_IDENTIFIER = com.gmail.haloupgarou.Landmarks.watchkitapp.watchkitextension;
				PRODUCT_NAME = "${TARGET_NAME}";
				SDKROOT = watchos;
				SKIP_INSTALL = YES;
				SWIFT_EMIT_LOC_STRINGS = YES;
				SWIFT_VERSION = 5.0;
				TARGETED_DEVICE_FAMILY = 4;
				WATCHOS_DEPLOYMENT_TARGET = 8.3;
			};
			name = Release;
		};
		ACA62256282C91CD0068C5E5 /* Debug */ = {
			isa = XCBuildConfiguration;
			buildSettings = {
				ALWAYS_EMBED_SWIFT_STANDARD_LIBRARIES = YES;
				ASSETCATALOG_COMPILER_APPICON_NAME = AppIcon;
				ASSETCATALOG_COMPILER_GLOBAL_ACCENT_COLOR_NAME = AccentColor;
				CODE_SIGN_STYLE = Automatic;
				CURRENT_PROJECT_VERSION = 1;
				DEVELOPMENT_TEAM = Y2VF5F9C77;
				GENERATE_INFOPLIST_FILE = YES;
				IBSC_MODULE = WatchLandmarks_WatchKit_Extension;
				INFOPLIST_KEY_CFBundleDisplayName = WatchLandmarks;
				INFOPLIST_KEY_UISupportedInterfaceOrientations = "UIInterfaceOrientationPortrait UIInterfaceOrientationPortraitUpsideDown";
				INFOPLIST_KEY_WKCompanionAppBundleIdentifier = com.gmail.haloupgarou.Landmarks;
				MARKETING_VERSION = 1.0;
				PRODUCT_BUNDLE_IDENTIFIER = com.gmail.haloupgarou.Landmarks.watchkitapp;
				PRODUCT_NAME = "$(TARGET_NAME)";
				SDKROOT = watchos;
				SKIP_INSTALL = YES;
				SWIFT_EMIT_LOC_STRINGS = YES;
				SWIFT_VERSION = 5.0;
				TARGETED_DEVICE_FAMILY = 4;
				WATCHOS_DEPLOYMENT_TARGET = 8.3;
			};
			name = Debug;
		};
		ACA62257282C91CD0068C5E5 /* Release */ = {
			isa = XCBuildConfiguration;
			buildSettings = {
				ALWAYS_EMBED_SWIFT_STANDARD_LIBRARIES = YES;
				ASSETCATALOG_COMPILER_APPICON_NAME = AppIcon;
				ASSETCATALOG_COMPILER_GLOBAL_ACCENT_COLOR_NAME = AccentColor;
				CODE_SIGN_STYLE = Automatic;
				CURRENT_PROJECT_VERSION = 1;
				DEVELOPMENT_TEAM = Y2VF5F9C77;
				GENERATE_INFOPLIST_FILE = YES;
				IBSC_MODULE = WatchLandmarks_WatchKit_Extension;
				INFOPLIST_KEY_CFBundleDisplayName = WatchLandmarks;
				INFOPLIST_KEY_UISupportedInterfaceOrientations = "UIInterfaceOrientationPortrait UIInterfaceOrientationPortraitUpsideDown";
				INFOPLIST_KEY_WKCompanionAppBundleIdentifier = com.gmail.haloupgarou.Landmarks;
				MARKETING_VERSION = 1.0;
				PRODUCT_BUNDLE_IDENTIFIER = com.gmail.haloupgarou.Landmarks.watchkitapp;
				PRODUCT_NAME = "$(TARGET_NAME)";
				SDKROOT = watchos;
				SKIP_INSTALL = YES;
				SWIFT_EMIT_LOC_STRINGS = YES;
				SWIFT_VERSION = 5.0;
				TARGETED_DEVICE_FAMILY = 4;
				WATCHOS_DEPLOYMENT_TARGET = 8.3;
			};
			name = Release;
		};
/* End XCBuildConfiguration section */

/* Begin XCConfigurationList section */
		AC4AAC08282505A90050417C /* Build configuration list for PBXProject "Landmarks" */ = {
			isa = XCConfigurationList;
			buildConfigurations = (
				AC4AAC19282505AB0050417C /* Debug */,
				AC4AAC1A282505AB0050417C /* Release */,
			);
			defaultConfigurationIsVisible = 0;
			defaultConfigurationName = Release;
		};
		AC4AAC1B282505AB0050417C /* Build configuration list for PBXNativeTarget "Landmarks" */ = {
			isa = XCConfigurationList;
			buildConfigurations = (
				AC4AAC1C282505AB0050417C /* Debug */,
				AC4AAC1D282505AB0050417C /* Release */,
			);
			defaultConfigurationIsVisible = 0;
			defaultConfigurationName = Release;
		};
		ACA62251282C91CD0068C5E5 /* Build configuration list for PBXNativeTarget "WatchLandmarks WatchKit Extension" */ = {
			isa = XCConfigurationList;
			buildConfigurations = (
				ACA62252282C91CD0068C5E5 /* Debug */,
				ACA62253282C91CD0068C5E5 /* Release */,
			);
			defaultConfigurationIsVisible = 0;
			defaultConfigurationName = Release;
		};
		ACA62255282C91CD0068C5E5 /* Build configuration list for PBXNativeTarget "WatchLandmarks" */ = {
			isa = XCConfigurationList;
			buildConfigurations = (
				ACA62256282C91CD0068C5E5 /* Debug */,
				ACA62257282C91CD0068C5E5 /* Release */,
			);
			defaultConfigurationIsVisible = 0;
			defaultConfigurationName = Release;
		};
/* End XCConfigurationList section */
	};
	rootObject = AC4AAC05282505A90050417C /* Project object */;
}
