// !$*UTF8*$!
{
	archiveVersion = 1;
	classes = {
	};
	objectVersion = 55;
	objects = {

/* Begin PBXBuildFile section */
		AC19769D28264F6800F46731 /* landmarkData.json in Resources */ = {isa = PBXBuildFile; fileRef = AC19769C28264F6800F46731 /* landmarkData.json */; };
		AC19769F28264F8200F46731 /* Landmark.swift in Sources */ = {isa = PBXBuildFile; fileRef = AC19769E28264F8200F46731 /* Landmark.swift */; };
		AC1976A1282650D400F46731 /* ModelData.swift in Sources */ = {isa = PBXBuildFile; fileRef = AC1976A0282650D400F46731 /* ModelData.swift */; };
		AC1976A62826532500F46731 /* LandmarkRow.swift in Sources */ = {isa = PBXBuildFile; fileRef = AC1976A52826532500F46731 /* LandmarkRow.swift */; };
		AC1976A82826546A00F46731 /* LandmarkList.swift in Sources */ = {isa = PBXBuildFile; fileRef = AC1976A72826546A00F46731 /* LandmarkList.swift */; };
		AC1976AA2826559E00F46731 /* LandmarkDetail.swift in Sources */ = {isa = PBXBuildFile; fileRef = AC1976A92826559E00F46731 /* LandmarkDetail.swift */; };
		AC4AAC11282505A90050417C /* LandmarksApp.swift in Sources */ = {isa = PBXBuildFile; fileRef = AC4AAC10282505A90050417C /* LandmarksApp.swift */; };
		AC4AAC13282505A90050417C /* ContentView.swift in Sources */ = {isa = PBXBuildFile; fileRef = AC4AAC12282505A90050417C /* ContentView.swift */; };
		AC4AAC15282505AB0050417C /* Assets.xcassets in Resources */ = {isa = PBXBuildFile; fileRef = AC4AAC14282505AB0050417C /* Assets.xcassets */; };
		AC4AAC18282505AB0050417C /* Preview Assets.xcassets in Resources */ = {isa = PBXBuildFile; fileRef = AC4AAC17282505AB0050417C /* Preview Assets.xcassets */; };
		AC4AAC1F282508720050417C /* CircleImage.swift in Sources */ = {isa = PBXBuildFile; fileRef = AC4AAC1E282508720050417C /* CircleImage.swift */; };
		AC4AAC21282509460050417C /* MapView.swift in Sources */ = {isa = PBXBuildFile; fileRef = AC4AAC20282509460050417C /* MapView.swift */; };
		AC54E1712828E1C6007FA8E7 /* BadgeSymbol.swift in Sources */ = {isa = PBXBuildFile; fileRef = AC54E1702828E1C6007FA8E7 /* BadgeSymbol.swift */; };
		AC6D6FBA2828B46800E786C5 /* FavoriteButton.swift in Sources */ = {isa = PBXBuildFile; fileRef = AC6D6FB92828B46800E786C5 /* FavoriteButton.swift */; };
		AC6D6FBE2828D68F00E786C5 /* HexagonParameters.swift in Sources */ = {isa = PBXBuildFile; fileRef = AC6D6FBD2828D68F00E786C5 /* HexagonParameters.swift */; };
		AC6D6FC02828D9BD00E786C5 /* BadgeBackground.swift in Sources */ = {isa = PBXBuildFile; fileRef = AC6D6FBF2828D9BD00E786C5 /* BadgeBackground.swift */; };
		ACA622022828E6370068C5E5 /* RotatedBadgeSymbol.swift in Sources */ = {isa = PBXBuildFile; fileRef = ACA622012828E6370068C5E5 /* RotatedBadgeSymbol.swift */; };
		ACA622042828E74F0068C5E5 /* Badge.swift in Sources */ = {isa = PBXBuildFile; fileRef = ACA622032828E74F0068C5E5 /* Badge.swift */; };
/* End PBXBuildFile section */

/* Begin PBXFileReference section */
		AC19769C28264F6800F46731 /* landmarkData.json */ = {isa = PBXFileReference; fileEncoding = 4; lastKnownFileType = text.json; path = landmarkData.json; sourceTree = "<group>"; };
		AC19769E28264F8200F46731 /* Landmark.swift */ = {isa = PBXFileReference; lastKnownFileType = sourcecode.swift; path = Landmark.swift; sourceTree = "<group>"; };
		AC1976A0282650D400F46731 /* ModelData.swift */ = {isa = PBXFileReference; lastKnownFileType = sourcecode.swift; path = ModelData.swift; sourceTree = "<group>"; };
		AC1976A52826532500F46731 /* LandmarkRow.swift */ = {isa = PBXFileReference; lastKnownFileType = sourcecode.swift; path = LandmarkRow.swift; sourceTree = "<group>"; };
		AC1976A72826546A00F46731 /* LandmarkList.swift */ = {isa = PBXFileReference; lastKnownFileType = sourcecode.swift; path = LandmarkList.swift; sourceTree = "<group>"; };
		AC1976A92826559E00F46731 /* LandmarkDetail.swift */ = {isa = PBXFileReference; lastKnownFileType = sourcecode.swift; path = LandmarkDetail.swift; sourceTree = "<group>"; };
		AC4AAC0D282505A90050417C /* Landmarks.app */ = {isa = PBXFileReference; explicitFileType = wrapper.application; includeInIndex = 0; path = Landmarks.app; sourceTree = BUILT_PRODUCTS_DIR; };
		AC4AAC10282505A90050417C /* LandmarksApp.swift */ = {isa = PBXFileReference; lastKnownFileType = sourcecode.swift; path = LandmarksApp.swift; sourceTree = "<group>"; };
		AC4AAC12282505A90050417C /* ContentView.swift */ = {isa = PBXFileReference; lastKnownFileType = sourcecode.swift; path = ContentView.swift; sourceTree = "<group>"; };
		AC4AAC14282505AB0050417C /* Assets.xcassets */ = {isa = PBXFileReference; lastKnownFileType = folder.assetcatalog; path = Assets.xcassets; sourceTree = "<group>"; };
		AC4AAC17282505AB0050417C /* Preview Assets.xcassets */ = {isa = PBXFileReference; lastKnownFileType = folder.assetcatalog; path = "Preview Assets.xcassets"; sourceTree = "<group>"; };
		AC4AAC1E282508720050417C /* CircleImage.swift */ = {isa = PBXFileReference; lastKnownFileType = sourcecode.swift; path = CircleImage.swift; sourceTree = "<group>"; };
		AC4AAC20282509460050417C /* MapView.swift */ = {isa = PBXFileReference; lastKnownFileType = sourcecode.swift; path = MapView.swift; sourceTree = "<group>"; };
		AC54E1702828E1C6007FA8E7 /* BadgeSymbol.swift */ = {isa = PBXFileReference; lastKnownFileType = sourcecode.swift; path = BadgeSymbol.swift; sourceTree = "<group>"; };
		AC6D6FB92828B46800E786C5 /* FavoriteButton.swift */ = {isa = PBXFileReference; lastKnownFileType = sourcecode.swift; path = FavoriteButton.swift; sourceTree = "<group>"; };
		AC6D6FBD2828D68F00E786C5 /* HexagonParameters.swift */ = {isa = PBXFileReference; lastKnownFileType = sourcecode.swift; path = HexagonParameters.swift; sourceTree = "<group>"; };
		AC6D6FBF2828D9BD00E786C5 /* BadgeBackground.swift */ = {isa = PBXFileReference; lastKnownFileType = sourcecode.swift; path = BadgeBackground.swift; sourceTree = "<group>"; };
		ACA622012828E6370068C5E5 /* RotatedBadgeSymbol.swift */ = {isa = PBXFileReference; lastKnownFileType = sourcecode.swift; path = RotatedBadgeSymbol.swift; sourceTree = "<group>"; };
		ACA622032828E74F0068C5E5 /* Badge.swift */ = {isa = PBXFileReference; lastKnownFileType = sourcecode.swift; path = Badge.swift; sourceTree = "<group>"; };
/* End PBXFileReference section */

/* Begin PBXFrameworksBuildPhase section */
		AC4AAC0A282505A90050417C /* Frameworks */ = {
			isa = PBXFrameworksBuildPhase;
			buildActionMask = 2147483647;
			files = (
			);
			runOnlyForDeploymentPostprocessing = 0;
		};
/* End PBXFrameworksBuildPhase section */

/* Begin PBXGroup section */
		AC1976A22826525400F46731 /* Views */ = {
			isa = PBXGroup;
			children = (
				AC4AAC12282505A90050417C /* ContentView.swift */,
				ACA622052828E9600068C5E5 /* Badges */,
				AC6D6FBC2828B60100E786C5 /* Landmarks */,
				AC6D6FBB2828B5EB00E786C5 /* Helpers */,
			);
			path = Views;
			sourceTree = "<group>";
		};
		AC1976A32826526000F46731 /* Model */ = {
			isa = PBXGroup;
			children = (
				AC19769E28264F8200F46731 /* Landmark.swift */,
				AC1976A0282650D400F46731 /* ModelData.swift */,
			);
			path = Model;
			sourceTree = "<group>";
		};
		AC1976A42826526800F46731 /* Resources */ = {
			isa = PBXGroup;
			children = (
				AC19769C28264F6800F46731 /* landmarkData.json */,
			);
			path = Resources;
			sourceTree = "<group>";
		};
		AC4AAC04282505A90050417C = {
			isa = PBXGroup;
			children = (
				AC4AAC0F282505A90050417C /* Landmarks */,
				AC4AAC0E282505A90050417C /* Products */,
			);
			sourceTree = "<group>";
		};
		AC4AAC0E282505A90050417C /* Products */ = {
			isa = PBXGroup;
			children = (
				AC4AAC0D282505A90050417C /* Landmarks.app */,
			);
			name = Products;
			sourceTree = "<group>";
		};
		AC4AAC0F282505A90050417C /* Landmarks */ = {
			isa = PBXGroup;
			children = (
				AC4AAC10282505A90050417C /* LandmarksApp.swift */,
				AC1976A22826525400F46731 /* Views */,
				AC1976A32826526000F46731 /* Model */,
				AC4AAC14282505AB0050417C /* Assets.xcassets */,
				AC1976A42826526800F46731 /* Resources */,
				AC4AAC16282505AB0050417C /* Preview Content */,
			);
			path = Landmarks;
			sourceTree = "<group>";
		};
		AC4AAC16282505AB0050417C /* Preview Content */ = {
			isa = PBXGroup;
			children = (
				AC4AAC17282505AB0050417C /* Preview Assets.xcassets */,
			);
			path = "Preview Content";
			sourceTree = "<group>";
		};
		AC6D6FBB2828B5EB00E786C5 /* Helpers */ = {
			isa = PBXGroup;
			children = (
				AC6D6FB92828B46800E786C5 /* FavoriteButton.swift */,
				AC4AAC1E282508720050417C /* CircleImage.swift */,
				AC4AAC20282509460050417C /* MapView.swift */,
			);
			path = Helpers;
			sourceTree = "<group>";
		};
		AC6D6FBC2828B60100E786C5 /* Landmarks */ = {
			isa = PBXGroup;
			children = (
				AC1976A52826532500F46731 /* LandmarkRow.swift */,
				AC1976A72826546A00F46731 /* LandmarkList.swift */,
				AC1976A92826559E00F46731 /* LandmarkDetail.swift */,
			);
			path = Landmarks;
			sourceTree = "<group>";
		};
		ACA622052828E9600068C5E5 /* Badges */ = {
			isa = PBXGroup;
			children = (
				AC54E1702828E1C6007FA8E7 /* BadgeSymbol.swift */,
				ACA622012828E6370068C5E5 /* RotatedBadgeSymbol.swift */,
				ACA622032828E74F0068C5E5 /* Badge.swift */,
				AC6D6FBD2828D68F00E786C5 /* HexagonParameters.swift */,
				AC6D6FBF2828D9BD00E786C5 /* BadgeBackground.swift */,
			);
			path = Badges;
			sourceTree = "<group>";
		};
/* End PBXGroup section */

/* Begin PBXNativeTarget section */
		AC4AAC0C282505A90050417C /* Landmarks */ = {
			isa = PBXNativeTarget;
			buildConfigurationList = AC4AAC1B282505AB0050417C /* Build configuration list for PBXNativeTarget "Landmarks" */;
			buildPhases = (
				AC4AAC09282505A90050417C /* Sources */,
				AC4AAC0A282505A90050417C /* Frameworks */,
				AC4AAC0B282505A90050417C /* Resources */,
			);
			buildRules = (
			);
			dependencies = (
			);
			name = Landmarks;
			productName = Landmarks;
			productReference = AC4AAC0D282505A90050417C /* Landmarks.app */;
			productType = "com.apple.product-type.application";
		};
/* End PBXNativeTarget section */

/* Begin PBXProject section */
		AC4AAC05282505A90050417C /* Project object */ = {
			isa = PBXProject;
			attributes = {
				BuildIndependentTargetsInParallel = 1;
				LastSwiftUpdateCheck = 1320;
				LastUpgradeCheck = 1320;
				TargetAttributes = {
					AC4AAC0C282505A90050417C = {
						CreatedOnToolsVersion = 13.2.1;
					};
				};
			};
			buildConfigurationList = AC4AAC08282505A90050417C /* Build configuration list for PBXProject "Landmarks" */;
			compatibilityVersion = "Xcode 13.0";
			developmentRegion = en;
			hasScannedForEncodings = 0;
			knownRegions = (
				en,
				Base,
			);
			mainGroup = AC4AAC04282505A90050417C;
			productRefGroup = AC4AAC0E282505A90050417C /* Products */;
			projectDirPath = "";
			projectRoot = "";
			targets = (
				AC4AAC0C282505A90050417C /* Landmarks */,
			);
		};
/* End PBXProject section */

/* Begin PBXResourcesBuildPhase section */
		AC4AAC0B282505A90050417C /* Resources */ = {
			isa = PBXResourcesBuildPhase;
			buildActionMask = 2147483647;
			files = (
				AC4AAC18282505AB0050417C /* Preview Assets.xcassets in Resources */,
				AC4AAC15282505AB0050417C /* Assets.xcassets in Resources */,
				AC19769D28264F6800F46731 /* landmarkData.json in Resources */,
			);
			runOnlyForDeploymentPostprocessing = 0;
		};
/* End PBXResourcesBuildPhase section */

/* Begin PBXSourcesBuildPhase section */
		AC4AAC09282505A90050417C /* Sources */ = {
			isa = PBXSourcesBuildPhase;
			buildActionMask = 2147483647;
			files = (
				AC4AAC13282505A90050417C /* ContentView.swift in Sources */,
				ACA622042828E74F0068C5E5 /* Badge.swift in Sources */,
				AC4AAC21282509460050417C /* MapView.swift in Sources */,
				AC4AAC11282505A90050417C /* LandmarksApp.swift in Sources */,
				AC6D6FBA2828B46800E786C5 /* FavoriteButton.swift in Sources */,
				AC6D6FBE2828D68F00E786C5 /* HexagonParameters.swift in Sources */,
				ACA622022828E6370068C5E5 /* RotatedBadgeSymbol.swift in Sources */,
				AC54E1712828E1C6007FA8E7 /* BadgeSymbol.swift in Sources */,
				AC1976A82826546A00F46731 /* LandmarkList.swift in Sources */,
				AC1976AA2826559E00F46731 /* LandmarkDetail.swift in Sources */,
				AC6D6FC02828D9BD00E786C5 /* BadgeBackground.swift in Sources */,
				AC4AAC1F282508720050417C /* CircleImage.swift in Sources */,
				AC19769F28264F8200F46731 /* Landmark.swift in Sources */,
				AC1976A62826532500F46731 /* LandmarkRow.swift in Sources */,
				AC1976A1282650D400F46731 /* ModelData.swift in Sources */,
			);
			runOnlyForDeploymentPostprocessing = 0;
		};
/* End PBXSourcesBuildPhase section */

/* Begin XCBuildConfiguration section */
		AC4AAC19282505AB0050417C /* Debug */ = {
			isa = XCBuildConfiguration;
			buildSettings = {
				ALWAYS_SEARCH_USER_PATHS = NO;
				CLANG_ANALYZER_NONNULL = YES;
				CLANG_ANALYZER_NUMBER_OBJECT_CONVERSION = YES_AGGRESSIVE;
				CLANG_CXX_LANGUAGE_STANDARD = "gnu++17";
				CLANG_CXX_LIBRARY = "libc++";
				CLANG_ENABLE_MODULES = YES;
				CLANG_ENABLE_OBJC_ARC = YES;
				CLANG_ENABLE_OBJC_WEAK = YES;
				CLANG_WARN_BLOCK_CAPTURE_AUTORELEASING = YES;
				CLANG_WARN_BOOL_CONVERSION = YES;
				CLANG_WARN_COMMA = YES;
				CLANG_WARN_CONSTANT_CONVERSION = YES;
				CLANG_WARN_DEPRECATED_OBJC_IMPLEMENTATIONS = YES;
				CLANG_WARN_DIRECT_OBJC_ISA_USAGE = YES_ERROR;
				CLANG_WARN_DOCUMENTATION_COMMENTS = YES;
				CLANG_WARN_EMPTY_BODY = YES;
				CLANG_WARN_ENUM_CONVERSION = YES;
				CLANG_WARN_INFINITE_RECURSION = YES;
				CLANG_WARN_INT_CONVERSION = YES;
				CLANG_WARN_NON_LITERAL_NULL_CONVERSION = YES;
				CLANG_WARN_OBJC_IMPLICIT_RETAIN_SELF = YES;
				CLANG_WARN_OBJC_LITERAL_CONVERSION = YES;
				CLANG_WARN_OBJC_ROOT_CLASS = YES_ERROR;
				CLANG_WARN_QUOTED_INCLUDE_IN_FRAMEWORK_HEADER = YES;
				CLANG_WARN_RANGE_LOOP_ANALYSIS = YES;
				CLANG_WARN_STRICT_PROTOTYPES = YES;
				CLANG_WARN_SUSPICIOUS_MOVE = YES;
				CLANG_WARN_UNGUARDED_AVAILABILITY = YES_AGGRESSIVE;
				CLANG_WARN_UNREACHABLE_CODE = YES;
				CLANG_WARN__DUPLICATE_METHOD_MATCH = YES;
				COPY_PHASE_STRIP = NO;
				DEBUG_INFORMATION_FORMAT = dwarf;
				ENABLE_STRICT_OBJC_MSGSEND = YES;
				ENABLE_TESTABILITY = YES;
				GCC_C_LANGUAGE_STANDARD = gnu11;
				GCC_DYNAMIC_NO_PIC = NO;
				GCC_NO_COMMON_BLOCKS = YES;
				GCC_OPTIMIZATION_LEVEL = 0;
				GCC_PREPROCESSOR_DEFINITIONS = (
					"DEBUG=1",
					"$(inherited)",
				);
				GCC_WARN_64_TO_32_BIT_CONVERSION = YES;
				GCC_WARN_ABOUT_RETURN_TYPE = YES_ERROR;
				GCC_WARN_UNDECLARED_SELECTOR = YES;
				GCC_WARN_UNINITIALIZED_AUTOS = YES_AGGRESSIVE;
				GCC_WARN_UNUSED_FUNCTION = YES;
				GCC_WARN_UNUSED_VARIABLE = YES;
				IPHONEOS_DEPLOYMENT_TARGET = 15.2;
				MTL_ENABLE_DEBUG_INFO = INCLUDE_SOURCE;
				MTL_FAST_MATH = YES;
				ONLY_ACTIVE_ARCH = YES;
				SDKROOT = iphoneos;
				SWIFT_ACTIVE_COMPILATION_CONDITIONS = DEBUG;
				SWIFT_OPTIMIZATION_LEVEL = "-Onone";
			};
			name = Debug;
		};
		AC4AAC1A282505AB0050417C /* Release */ = {
			isa = XCBuildConfiguration;
			buildSettings = {
				ALWAYS_SEARCH_USER_PATHS = NO;
				CLANG_ANALYZER_NONNULL = YES;
				CLANG_ANALYZER_NUMBER_OBJECT_CONVERSION = YES_AGGRESSIVE;
				CLANG_CXX_LANGUAGE_STANDARD = "gnu++17";
				CLANG_CXX_LIBRARY = "libc++";
				CLANG_ENABLE_MODULES = YES;
				CLANG_ENABLE_OBJC_ARC = YES;
				CLANG_ENABLE_OBJC_WEAK = YES;
				CLANG_WARN_BLOCK_CAPTURE_AUTORELEASING = YES;
				CLANG_WARN_BOOL_CONVERSION = YES;
				CLANG_WARN_COMMA = YES;
				CLANG_WARN_CONSTANT_CONVERSION = YES;
				CLANG_WARN_DEPRECATED_OBJC_IMPLEMENTATIONS = YES;
				CLANG_WARN_DIRECT_OBJC_ISA_USAGE = YES_ERROR;
				CLANG_WARN_DOCUMENTATION_COMMENTS = YES;
				CLANG_WARN_EMPTY_BODY = YES;
				CLANG_WARN_ENUM_CONVERSION = YES;
				CLANG_WARN_INFINITE_RECURSION = YES;
				CLANG_WARN_INT_CONVERSION = YES;
				CLANG_WARN_NON_LITERAL_NULL_CONVERSION = YES;
				CLANG_WARN_OBJC_IMPLICIT_RETAIN_SELF = YES;
				CLANG_WARN_OBJC_LITERAL_CONVERSION = YES;
				CLANG_WARN_OBJC_ROOT_CLASS = YES_ERROR;
				CLANG_WARN_QUOTED_INCLUDE_IN_FRAMEWORK_HEADER = YES;
				CLANG_WARN_RANGE_LOOP_ANALYSIS = YES;
				CLANG_WARN_STRICT_PROTOTYPES = YES;
				CLANG_WARN_SUSPICIOUS_MOVE = YES;
				CLANG_WARN_UNGUARDED_AVAILABILITY = YES_AGGRESSIVE;
				CLANG_WARN_UNREACHABLE_CODE = YES;
				CLANG_WARN__DUPLICATE_METHOD_MATCH = YES;
				COPY_PHASE_STRIP = NO;
				DEBUG_INFORMATION_FORMAT = "dwarf-with-dsym";
				ENABLE_NS_ASSERTIONS = NO;
				ENABLE_STRICT_OBJC_MSGSEND = YES;
				GCC_C_LANGUAGE_STANDARD = gnu11;
				GCC_NO_COMMON_BLOCKS = YES;
				GCC_WARN_64_TO_32_BIT_CONVERSION = YES;
				GCC_WARN_ABOUT_RETURN_TYPE = YES_ERROR;
				GCC_WARN_UNDECLARED_SELECTOR = YES;
				GCC_WARN_UNINITIALIZED_AUTOS = YES_AGGRESSIVE;
				GCC_WARN_UNUSED_FUNCTION = YES;
				GCC_WARN_UNUSED_VARIABLE = YES;
				IPHONEOS_DEPLOYMENT_TARGET = 15.2;
				MTL_ENABLE_DEBUG_INFO = NO;
				MTL_FAST_MATH = YES;
				SDKROOT = iphoneos;
				SWIFT_COMPILATION_MODE = wholemodule;
				SWIFT_OPTIMIZATION_LEVEL = "-O";
				VALIDATE_PRODUCT = YES;
			};
			name = Release;
		};
		AC4AAC1C282505AB0050417C /* Debug */ = {
			isa = XCBuildConfiguration;
			buildSettings = {
				ASSETCATALOG_COMPILER_APPICON_NAME = AppIcon;
				ASSETCATALOG_COMPILER_GLOBAL_ACCENT_COLOR_NAME = AccentColor;
				CODE_SIGN_STYLE = Automatic;
				CURRENT_PROJECT_VERSION = 1;
				DEVELOPMENT_ASSET_PATHS = "\"Landmarks/Preview Content\"";
				DEVELOPMENT_TEAM = Y2VF5F9C77;
				ENABLE_PREVIEWS = YES;
				GENERATE_INFOPLIST_FILE = YES;
				INFOPLIST_KEY_UIApplicationSceneManifest_Generation = YES;
				INFOPLIST_KEY_UIApplicationSupportsIndirectInputEvents = YES;
				INFOPLIST_KEY_UILaunchScreen_Generation = YES;
				INFOPLIST_KEY_UISupportedInterfaceOrientations_iPad = "UIInterfaceOrientationPortrait UIInterfaceOrientationPortraitUpsideDown UIInterfaceOrientationLandscapeLeft UIInterfaceOrientationLandscapeRight";
				INFOPLIST_KEY_UISupportedInterfaceOrientations_iPhone = "UIInterfaceOrientationPortrait UIInterfaceOrientationLandscapeLeft UIInterfaceOrientationLandscapeRight";
				LD_RUNPATH_SEARCH_PATHS = (
					"$(inherited)",
					"@executable_path/Frameworks",
				);
				MARKETING_VERSION = 1.0;
				PRODUCT_BUNDLE_IDENTIFIER = com.gmail.haloupgarou.Landmarks;
				PRODUCT_NAME = "$(TARGET_NAME)";
				SWIFT_EMIT_LOC_STRINGS = YES;
				SWIFT_VERSION = 5.0;
				TARGETED_DEVICE_FAMILY = "1,2";
			};
			name = Debug;
		};
		AC4AAC1D282505AB0050417C /* Release */ = {
			isa = XCBuildConfiguration;
			buildSettings = {
				ASSETCATALOG_COMPILER_APPICON_NAME = AppIcon;
				ASSETCATALOG_COMPILER_GLOBAL_ACCENT_COLOR_NAME = AccentColor;
				CODE_SIGN_STYLE = Automatic;
				CURRENT_PROJECT_VERSION = 1;
				DEVELOPMENT_ASSET_PATHS = "\"Landmarks/Preview Content\"";
				DEVELOPMENT_TEAM = Y2VF5F9C77;
				ENABLE_PREVIEWS = YES;
				GENERATE_INFOPLIST_FILE = YES;
				INFOPLIST_KEY_UIApplicationSceneManifest_Generation = YES;
				INFOPLIST_KEY_UIApplicationSupportsIndirectInputEvents = YES;
				INFOPLIST_KEY_UILaunchScreen_Generation = YES;
				INFOPLIST_KEY_UISupportedInterfaceOrientations_iPad = "UIInterfaceOrientationPortrait UIInterfaceOrientationPortraitUpsideDown UIInterfaceOrientationLandscapeLeft UIInterfaceOrientationLandscapeRight";
				INFOPLIST_KEY_UISupportedInterfaceOrientations_iPhone = "UIInterfaceOrientationPortrait UIInterfaceOrientationLandscapeLeft UIInterfaceOrientationLandscapeRight";
				LD_RUNPATH_SEARCH_PATHS = (
					"$(inherited)",
					"@executable_path/Frameworks",
				);
				MARKETING_VERSION = 1.0;
				PRODUCT_BUNDLE_IDENTIFIER = com.gmail.haloupgarou.Landmarks;
				PRODUCT_NAME = "$(TARGET_NAME)";
				SWIFT_EMIT_LOC_STRINGS = YES;
				SWIFT_VERSION = 5.0;
				TARGETED_DEVICE_FAMILY = "1,2";
			};
			name = Release;
		};
/* End XCBuildConfiguration section */

/* Begin XCConfigurationList section */
		AC4AAC08282505A90050417C /* Build configuration list for PBXProject "Landmarks" */ = {
			isa = XCConfigurationList;
			buildConfigurations = (
				AC4AAC19282505AB0050417C /* Debug */,
				AC4AAC1A282505AB0050417C /* Release */,
			);
			defaultConfigurationIsVisible = 0;
			defaultConfigurationName = Release;
		};
		AC4AAC1B282505AB0050417C /* Build configuration list for PBXNativeTarget "Landmarks" */ = {
			isa = XCConfigurationList;
			buildConfigurations = (
				AC4AAC1C282505AB0050417C /* Debug */,
				AC4AAC1D282505AB0050417C /* Release */,
			);
			defaultConfigurationIsVisible = 0;
			defaultConfigurationName = Release;
		};
/* End XCConfigurationList section */
	};
	rootObject = AC4AAC05282505A90050417C /* Project object */;
}
